# This file is automatically @generated by Poetry 1.8.3 and should not be changed by hand.

[[package]]
name = "pymemcache"
version = "4.0.0"
description = "A comprehensive, fast, pure Python memcached client"
optional = false
python-versions = ">=3.7"
files = [
    {file = "pymemcache-4.0.0-py2.py3-none-any.whl", hash = "sha256:f507bc20e0dc8d562f8df9d872107a278df049fa496805c1431b926f3ddd0eab"},
    {file = "pymemcache-4.0.0.tar.gz", hash = "sha256:27bf9bd1bbc1e20f83633208620d56de50f14185055e49504f4f5e94e94aff94"},
]

[metadata]
lock-version = "2.0"
python-versions = "^3.12"
content-hash = "c7777fbad26fc9c095957fb1e4d1de0197e78f909a9bc1012a3dd1f911263369"
